
Microsoft Visual Studio Solution File, Format Version 12.00
# Visual Studio Version 17
VisualStudioVersion = 17.2.32630.192
MinimumVisualStudioVersion = 10.0.40219.1
Project("{FAE04EC0-301F-11D3-BF4B-00C04F79EFBC}") = "WpfApp1", "WpfApp1\WpfApp1.csproj", "{01FB9D01-695C-4750-BA8F-ED4138E36140}"
EndProject
Global
	GlobalSection(SolutionConfigurationPlatforms) = preSolution
		Debug|Any CPU = Debug|Any CPU
		Release|Any CPU = Release|Any CPU
	EndGlobalSection
	GlobalSection(ProjectConfigurationPlatforms) = postSolution
		{01FB9D01-695C-4750-BA8F-ED4138E36140}.Debug|Any CPU.ActiveCfg = Debug|Any CPU
		{01FB9D01-695C-4750-BA8F-ED4138E36140}.Debug|Any CPU.Build.0 = Debug|Any CPU
		{01FB9D01-695C-4750-BA8F-ED4138E36140}.Release|Any CPU.ActiveCfg = Release|Any CPU
		{01FB9D01-695C-4750-BA8F-ED4138E36140}.Release|Any CPU.Build.0 = Release|Any CPU
	EndGlobalSection
	GlobalSection(SolutionProperties) = preSolution
		HideSolutionNode = FALSE
	EndGlobalSection
	GlobalSection(ExtensibilityGlobals) = postSolution
		SolutionGuid = {67ECC126-4659-40C2-AC36-EA44BDA32571}
	EndGlobalSection
EndGlobal
